
Microsoft Visual Studio Solution File, Format Version 12.00
# Visual Studio Version 17
VisualStudioVersion = 17.2.32602.215
MinimumVisualStudioVersion = 10.0.40219.1
Project("{9A19103F-16F7-4668-BE54-9A1E7A4F7556}") = "Chapter", "Chapter\Chapter.csproj", "{EE38D573-D062-4726-A7E7-6434AA45EB58}"
EndProject
Project("{FAE04EC0-301F-11D3-BF4B-00C04F79EFBC}") = "TestChapter", "TestChapter\TestChapter.csproj", "{FFBFA48C-BCC0-484A-A2FA-8D1A918AF12E}"
EndProject
Global
	GlobalSection(SolutionConfigurationPlatforms) = preSolution
		Debug|Any CPU = Debug|Any CPU
		Release|Any CPU = Release|Any CPU
	EndGlobalSection
	GlobalSection(ProjectConfigurationPlatforms) = postSolution
		{EE38D573-D062-4726-A7E7-6434AA45EB58}.Debug|Any CPU.ActiveCfg = Debug|Any CPU
		{EE38D573-D062-4726-A7E7-6434AA45EB58}.Debug|Any CPU.Build.0 = Debug|Any CPU
		{EE38D573-D062-4726-A7E7-6434AA45EB58}.Release|Any CPU.ActiveCfg = Release|Any CPU
		{EE38D573-D062-4726-A7E7-6434AA45EB58}.Release|Any CPU.Build.0 = Release|Any CPU
		{FFBFA48C-BCC0-484A-A2FA-8D1A918AF12E}.Debug|Any CPU.ActiveCfg = Debug|Any CPU
		{FFBFA48C-BCC0-484A-A2FA-8D1A918AF12E}.Debug|Any CPU.Build.0 = Debug|Any CPU
		{FFBFA48C-BCC0-484A-A2FA-8D1A918AF12E}.Release|Any CPU.ActiveCfg = Release|Any CPU
		{FFBFA48C-BCC0-484A-A2FA-8D1A918AF12E}.Release|Any CPU.Build.0 = Release|Any CPU
	EndGlobalSection
	GlobalSection(SolutionProperties) = preSolution
		HideSolutionNode = FALSE
	EndGlobalSection
	GlobalSection(ExtensibilityGlobals) = postSolution
		SolutionGuid = {E07B44DE-4E24-49BF-929E-8F9938485001}
	EndGlobalSection
EndGlobal
